{
  "name": "week-1-nmit",
  "version": "1.0.0",
  "lockfileVersion": 3,
  "requires": true,
  "packages": {
    "": {
      "name": "week-1-nmit",
      "version": "1.0.0",
      "license": "ISC",
      "dependencies": {
        "font": "^0.0.4"
      }
    },
    "node_modules/font": {
      "version": "0.0.4",
      "resolved": "https://registry.npmjs.org/font/-/font-0.0.4.tgz",
      "integrity": "sha512-vuM54uXU6Mavv/JPxgxMNVH8BysPpzUnwwuz3mTtYSn2G+2bintvVWXGDuEkvQ1WrMcZ2VTEe9e1Vz1yMdQZog==",
      "dependencies": {
        "reified": "~0.2.4"
      },
      "engines": {
        "node": "0.6"
      }
    },
    "node_modules/reified": {
      "version": "0.2.4",
      "resolved": "https://registry.npmjs.org/reified/-/reified-0.2.4.tgz",
      "integrity": "sha512-27GIO08DpCZZxPdYv5f3Xsxe1QW38Cd2O51rJK1Y84Gv6jGU7yXYZKkjmDxR/GY9/lpeZD4Jj/10eB46bcTJBw==",
      "engines": {
        "node": "*"
      }
    }
  }
}
